
Microsoft Visual Studio Solution File, Format Version 12.00
# Visual Studio 15
VisualStudioVersion = 15.0.27130.2026
MinimumVisualStudioVersion = 10.0.40219.1
Project("{9A19103F-16F7-4668-BE54-9A1E7A4F7556}") = "CursoOnline.DominioTest", "test\CursoOnline.DominioTest\CursoOnline.DominioTest.csproj", "{1C58D9C3-BC64-40C8-9AD1-513734953B3A}"
EndProject
Project("{9A19103F-16F7-4668-BE54-9A1E7A4F7556}") = "CursoOnline.Dominio", "src\CursoOnline.Dominio\CursoOnline.Dominio.csproj", "{4DE53956-8DE5-4D77-B20C-B32AE5433701}"
EndProject
Project("{9A19103F-16F7-4668-BE54-9A1E7A4F7556}") = "CursoOnline.Web", "src\CursoOnline.Web\CursoOnline.Web.csproj", "{3A3E264C-8F14-45D7-9600-8FAC31EBD2EB}"
EndProject
Project("{9A19103F-16F7-4668-BE54-9A1E7A4F7556}") = "CursoOnline.Dados", "src\CursoOnline.Dados\CursoOnline.Dados.csproj", "{232D20D0-204B-4A4E-8E03-43BA19262C24}"
EndProject
Project("{FAE04EC0-301F-11D3-BF4B-00C04F79EFBC}") = "CursoOnline.Ioc", "src\CursoOnline.Ioc\CursoOnline.Ioc.csproj", "{60C9E844-F7CB-4354-B5F8-1213FBF8DCC5}"
EndProject
Global
	GlobalSection(SolutionConfigurationPlatforms) = preSolution
		Debug|Any CPU = Debug|Any CPU
		Release|Any CPU = Release|Any CPU
	EndGlobalSection
	GlobalSection(ProjectConfigurationPlatforms) = postSolution
		{1C58D9C3-BC64-40C8-9AD1-513734953B3A}.Debug|Any CPU.ActiveCfg = Debug|Any CPU
		{1C58D9C3-BC64-40C8-9AD1-513734953B3A}.Debug|Any CPU.Build.0 = Debug|Any CPU
		{1C58D9C3-BC64-40C8-9AD1-513734953B3A}.Release|Any CPU.ActiveCfg = Release|Any CPU
		{1C58D9C3-BC64-40C8-9AD1-513734953B3A}.Release|Any CPU.Build.0 = Release|Any CPU
		{4DE53956-8DE5-4D77-B20C-B32AE5433701}.Debug|Any CPU.ActiveCfg = Debug|Any CPU
		{4DE53956-8DE5-4D77-B20C-B32AE5433701}.Debug|Any CPU.Build.0 = Debug|Any CPU
		{4DE53956-8DE5-4D77-B20C-B32AE5433701}.Release|Any CPU.ActiveCfg = Release|Any CPU
		{4DE53956-8DE5-4D77-B20C-B32AE5433701}.Release|Any CPU.Build.0 = Release|Any CPU
		{3A3E264C-8F14-45D7-9600-8FAC31EBD2EB}.Debug|Any CPU.ActiveCfg = Debug|Any CPU
		{3A3E264C-8F14-45D7-9600-8FAC31EBD2EB}.Debug|Any CPU.Build.0 = Debug|Any CPU
		{3A3E264C-8F14-45D7-9600-8FAC31EBD2EB}.Release|Any CPU.ActiveCfg = Release|Any CPU
		{3A3E264C-8F14-45D7-9600-8FAC31EBD2EB}.Release|Any CPU.Build.0 = Release|Any CPU
		{232D20D0-204B-4A4E-8E03-43BA19262C24}.Debug|Any CPU.ActiveCfg = Debug|Any CPU
		{232D20D0-204B-4A4E-8E03-43BA19262C24}.Debug|Any CPU.Build.0 = Debug|Any CPU
		{232D20D0-204B-4A4E-8E03-43BA19262C24}.Release|Any CPU.ActiveCfg = Release|Any CPU
		{232D20D0-204B-4A4E-8E03-43BA19262C24}.Release|Any CPU.Build.0 = Release|Any CPU
		{60C9E844-F7CB-4354-B5F8-1213FBF8DCC5}.Debug|Any CPU.ActiveCfg = Debug|Any CPU
		{60C9E844-F7CB-4354-B5F8-1213FBF8DCC5}.Debug|Any CPU.Build.0 = Debug|Any CPU
		{60C9E844-F7CB-4354-B5F8-1213FBF8DCC5}.Release|Any CPU.ActiveCfg = Release|Any CPU
		{60C9E844-F7CB-4354-B5F8-1213FBF8DCC5}.Release|Any CPU.Build.0 = Release|Any CPU
	EndGlobalSection
	GlobalSection(SolutionProperties) = preSolution
		HideSolutionNode = FALSE
	EndGlobalSection
	GlobalSection(ExtensibilityGlobals) = postSolution
		SolutionGuid = {1D31F1A5-F52C-4AC6-938C-1405DD0C62A2}
	EndGlobalSection
EndGlobal
